
Microsoft Visual Studio Solution File, Format Version 12.00
# Visual Studio Version 16
VisualStudioVersion = 16.0.29009.5
MinimumVisualStudioVersion = 10.0.40219.1
Project("{9A19103F-16F7-4668-BE54-9A1E7A4F7556}") = "AbstractJewerlyStoreBusinessLogic", "AbstractJewerlyStoreBusinessLogic\AbstractJewerlyStoreBusinessLogic.csproj", "{F5EB8C23-E0BF-4CF3-97F4-BCDCF334345D}"
EndProject
Project("{9A19103F-16F7-4668-BE54-9A1E7A4F7556}") = "AbstractStoreListImplement", "AbstractStoreListImplement\AbstractStoreListImplement.csproj", "{C8138F48-FF3C-434A-970D-F519D1BA0ADD}"
EndProject
Project("{FAE04EC0-301F-11D3-BF4B-00C04F79EFBC}") = "AbstractJewerlyStoreView", "AbstractJewerlyStoreView\AbstractJewerlyStoreView.csproj", "{D44E0E29-19BB-4FA5-B9C8-168B080BEC9E}"
EndProject
Project("{9A19103F-16F7-4668-BE54-9A1E7A4F7556}") = "AbstractJewerlyStoreFileImplement", "AbstractJewerlyStoreFileImplement\AbstractJewerlyStoreFileImplement.csproj", "{E15ACAEF-DECB-4EE9-8EBC-86EC893C4CAC}"
EndProject
Project("{9A19103F-16F7-4668-BE54-9A1E7A4F7556}") = "AbstractStoreDatabaseImplement", "AbstractStoreDatabaseImplement\AbstractStoreDatabaseImplement.csproj", "{5EB5F4FB-D891-40F5-8CE3-5E65FCC92B80}"
EndProject
Project("{FAE04EC0-301F-11D3-BF4B-00C04F79EFBC}") = "AbstractStoreRestApi", "WebApplication2\AbstractStoreRestApi.csproj", "{15AA820A-D2A6-4895-9157-3D8A00077BE1}"
EndProject
Project("{FAE04EC0-301F-11D3-BF4B-00C04F79EFBC}") = "AbstractStoreClientView", "AbstractStoreClientView\AbstractStoreClientView.csproj", "{5FA641E1-E832-43BA-AEFC-06BE7BF3E909}"
EndProject
Global
	GlobalSection(SolutionConfigurationPlatforms) = preSolution
		Debug|Any CPU = Debug|Any CPU
		Release|Any CPU = Release|Any CPU
	EndGlobalSection
	GlobalSection(ProjectConfigurationPlatforms) = postSolution
		{F5EB8C23-E0BF-4CF3-97F4-BCDCF334345D}.Debug|Any CPU.ActiveCfg = Debug|Any CPU
		{F5EB8C23-E0BF-4CF3-97F4-BCDCF334345D}.Debug|Any CPU.Build.0 = Debug|Any CPU
		{F5EB8C23-E0BF-4CF3-97F4-BCDCF334345D}.Release|Any CPU.ActiveCfg = Release|Any CPU
		{F5EB8C23-E0BF-4CF3-97F4-BCDCF334345D}.Release|Any CPU.Build.0 = Release|Any CPU
		{C8138F48-FF3C-434A-970D-F519D1BA0ADD}.Debug|Any CPU.ActiveCfg = Debug|Any CPU
		{C8138F48-FF3C-434A-970D-F519D1BA0ADD}.Debug|Any CPU.Build.0 = Debug|Any CPU
		{C8138F48-FF3C-434A-970D-F519D1BA0ADD}.Release|Any CPU.ActiveCfg = Release|Any CPU
		{C8138F48-FF3C-434A-970D-F519D1BA0ADD}.Release|Any CPU.Build.0 = Release|Any CPU
		{D44E0E29-19BB-4FA5-B9C8-168B080BEC9E}.Debug|Any CPU.ActiveCfg = Debug|Any CPU
		{D44E0E29-19BB-4FA5-B9C8-168B080BEC9E}.Debug|Any CPU.Build.0 = Debug|Any CPU
		{D44E0E29-19BB-4FA5-B9C8-168B080BEC9E}.Release|Any CPU.ActiveCfg = Release|Any CPU
		{D44E0E29-19BB-4FA5-B9C8-168B080BEC9E}.Release|Any CPU.Build.0 = Release|Any CPU
		{E15ACAEF-DECB-4EE9-8EBC-86EC893C4CAC}.Debug|Any CPU.ActiveCfg = Debug|Any CPU
		{E15ACAEF-DECB-4EE9-8EBC-86EC893C4CAC}.Debug|Any CPU.Build.0 = Debug|Any CPU
		{E15ACAEF-DECB-4EE9-8EBC-86EC893C4CAC}.Release|Any CPU.ActiveCfg = Release|Any CPU
		{E15ACAEF-DECB-4EE9-8EBC-86EC893C4CAC}.Release|Any CPU.Build.0 = Release|Any CPU
		{5EB5F4FB-D891-40F5-8CE3-5E65FCC92B80}.Debug|Any CPU.ActiveCfg = Debug|Any CPU
		{5EB5F4FB-D891-40F5-8CE3-5E65FCC92B80}.Debug|Any CPU.Build.0 = Debug|Any CPU
		{5EB5F4FB-D891-40F5-8CE3-5E65FCC92B80}.Release|Any CPU.ActiveCfg = Release|Any CPU
		{5EB5F4FB-D891-40F5-8CE3-5E65FCC92B80}.Release|Any CPU.Build.0 = Release|Any CPU
		{15AA820A-D2A6-4895-9157-3D8A00077BE1}.Debug|Any CPU.ActiveCfg = Debug|Any CPU
		{15AA820A-D2A6-4895-9157-3D8A00077BE1}.Debug|Any CPU.Build.0 = Debug|Any CPU
		{15AA820A-D2A6-4895-9157-3D8A00077BE1}.Release|Any CPU.ActiveCfg = Release|Any CPU
		{15AA820A-D2A6-4895-9157-3D8A00077BE1}.Release|Any CPU.Build.0 = Release|Any CPU
		{5FA641E1-E832-43BA-AEFC-06BE7BF3E909}.Debug|Any CPU.ActiveCfg = Debug|Any CPU
		{5FA641E1-E832-43BA-AEFC-06BE7BF3E909}.Debug|Any CPU.Build.0 = Debug|Any CPU
		{5FA641E1-E832-43BA-AEFC-06BE7BF3E909}.Release|Any CPU.ActiveCfg = Release|Any CPU
		{5FA641E1-E832-43BA-AEFC-06BE7BF3E909}.Release|Any CPU.Build.0 = Release|Any CPU
	EndGlobalSection
	GlobalSection(SolutionProperties) = preSolution
		HideSolutionNode = FALSE
	EndGlobalSection
	GlobalSection(ExtensibilityGlobals) = postSolution
		SolutionGuid = {1D9CC246-8006-4C67-B24E-CB2996F07DC7}
	EndGlobalSection
EndGlobal
